github.com/Julio-Guerra/datadog/appsec v1.1.0 h1:5lODsgvH+9anR4744onNf7o0XHKP/AYBqcUrrvRCwaQ=
github.com/Julio-Guerra/datadog/appsec v1.1.0/go.mod h1:aUQoqkZbZ6Y6Otk/BfYhzOF6gxi3qiupRxC/fiX+oJg=
github.com/Julio-Guerra/datadog/core v1.2.0 h1:8Thzac1xe50Rzj4EDJ/5/A+a3JHjuz5fHLHCvl6d/ao=
github.com/Julio-Guerra/datadog/core v1.2.0/go.mod h1:wXpSs9Xf9dDHgSoP8ToRj0sxTbacRHc88LGKXLZ157E=
github.com/Julio-Guerra/datadog/debug v1.1.0 h1:My4EkKwyCE+ZBF943dwuRj9krZdu6OzcOX0+bJy1rCE=
github.com/Julio-Guerra/datadog/debug v1.1.0/go.mod h1:am8UwfnAegstxtjuaY5Bz+FNym7oBtnUl6tfhQ6RxzY=
github.com/Julio-Guerra/datadog/profiler v1.1.0 h1:kJcS76wqGtp0UXV9Az+GjYj8W1m88RpkWcfZfWl26tw=
github.com/Julio-Guerra/datadog/profiler v1.1.0/go.mod h1:q5KVQmlaEeTCPcx3RgBnDXAhEWh72nQnbZh6zYZ19Ck=
github.com/Julio-Guerra/datadog/tracer v1.1.0 h1:sWxNuI8eufI76B0GAEAolLSg0doDHUUfmo9DfLIbaf0=
github.com/Julio-Guerra/datadog/tracer v1.1.0/go.mod h1:gShFruCLh5HOUaOZT9l3dIXdcEDkEQbe2yo+icm8jTU=
