github.com/Julio-Guerra/datadog v1.0.0 h1:RzMsir1+/SFOJzbNU+FcuwyV1Fj+3TQe5As5h+xu5O0=
github.com/Julio-Guerra/datadog v1.0.0/go.mod h1:K25BRjp61riWUDrQo2/YmcBWhaCtVlGChjm41OtMBI0=
github.com/Julio-Guerra/datadog/apm v1.0.0 h1:lVI6y2umu8wTYetFlLflBLiTdFgosiWG36xhptLRfFU=
github.com/Julio-Guerra/datadog/apm v1.0.0/go.mod h1:M1zjrZ7bAkFyjEuWESAdcMmFy7ByDjEOR3FL5t0W/E4=
github.com/Julio-Guerra/datadog/appsec v1.0.0 h1:FX6OD/vLY2NeQ3EYxSro/0vEYeIF94RnSpfn6mqnI1A=
github.com/Julio-Guerra/datadog/appsec v1.0.0/go.mod h1:1XNlO8meEYzQe1qDVv7LxHON/qy828olwCWekiD0tfQ=
github.com/Julio-Guerra/datadog/debug v1.0.0 h1:vdReJzxt5/NEkWlQUgk6CaNIbL5WEezuNDPhgzHpAKU=
github.com/Julio-Guerra/datadog/debug v1.0.0/go.mod h1:amLCIaq/EUS5n3BK9ogIST/HOz3oU4uUmmvlBD+NWjc=
github.com/Julio-Guerra/datadog/profiler v1.0.0 h1:0n9uY7PX84arqqGbzq3Mq8Cnrtxegf6PpqxLCVqYQQ8=
github.com/Julio-Guerra/datadog/profiler v1.0.0/go.mod h1:XCAMR18XyBg33CIfk+xlD1WrDnQi1JXJ7j5G+sLmuMw=
